PODS:
  - AdMobMediationAdapterIAd (6.6.0):
    - Google-Mobile-Ads-SDK
  - Crashlytics (3.3.4)
  - Dropbox-iOS-SDK (1.3.13)
  - Fabric (1.5.5):
    - Fabric/Base (= 1.5.5)
  - Fabric/Base (1.5.5)
  - Google-Mobile-Ads-SDK (7.5.1)
  - Google/Analytics (1.0.7):
    - Google/Core
    - GoogleAnalytics (~> 3.12)
  - Google/Core (1.0.7):
    - GoogleNetworkingUtilities (~> 1.0)
    - GoogleSymbolUtilities (~> 1.0)
    - GoogleUtilities (~> 1.0)
  - GoogleAnalytics (3.13.0)
  - GoogleNetworkingUtilities (1.0.0):
    - GoogleSymbolUtilities (~> 1.0)
  - GoogleSymbolUtilities (1.0.0)
  - GoogleUtilities (1.1.0):
    - GoogleSymbolUtilities (~> 1.0.0)
  - NendSDK_iOS (2.7.4)
  - NendSDK_iOS_MediationAdapter (1.2.2)
  - RDVCalendarView (1.0.7)

DEPENDENCIES:
  - AdMobMediationAdapterIAd
  - Crashlytics
  - Dropbox-iOS-SDK
  - Fabric
  - Google-Mobile-Ads-SDK
  - Google/Analytics (~> 1.0.0)
  - NendSDK_iOS
  - NendSDK_iOS_MediationAdapter
  - RDVCalendarView (~> 1.0.7)

SPEC CHECKSUMS:
  AdMobMediationAdapterIAd: 2918e7efa5c27bf13c06793bd1ff883e49e65372
  Crashlytics: 41c082440d2e14da444186fff65e79c0b4b35d4c
  Dropbox-iOS-SDK: e0c9b08d1604b39cb78c1d0333251de0f6bdec60
  Fabric: 190bf1a6eb65f7500de1347d027d2e59a7e53db1
  Google: 875f5a8ade86dd02e36586e4a54814843938c7f6
  Google-Mobile-Ads-SDK: 37315a38a1c6ed738da43a938afb2425099e6759
  GoogleAnalytics: fcf1f1cad57ae1a9a53520018f0f680ceeeb8b49
  GoogleNetworkingUtilities: 292992ab31b7b4ba32809a0e8b40e324cdfb2c0c
  GoogleSymbolUtilities: a7b0feed1fe667c8d5e647177938d0ecd62d6948
  GoogleUtilities: 8ed9134debe11719097881711464752900668f10
  NendSDK_iOS: 919e6ba37eb88bd93fb0df05eec24551e625300a
  NendSDK_iOS_MediationAdapter: f15502f99f12a83a00d061989eef3d17f60a405f
  RDVCalendarView: f9702024bbbc235709748812cff6f5f48b147fbb

COCOAPODS: 0.39.0
